
Microsoft Visual Studio Solution File, Format Version 12.00
# Visual Studio Version 16
VisualStudioVersion = 16.0.32228.343
MinimumVisualStudioVersion = 10.0.40219.1
Project("{FAE04EC0-301F-11D3-BF4B-00C04F79EFBC}") = "PokedexAPI", "PokedexAPI\PokedexAPI.csproj", "{83A476AF-1208-45FF-A157-390945E4D12C}"
EndProject
Global
	GlobalSection(SolutionConfigurationPlatforms) = preSolution
		Debug|Any CPU = Debug|Any CPU
		Release|Any CPU = Release|Any CPU
	EndGlobalSection
	GlobalSection(ProjectConfigurationPlatforms) = postSolution
		{83A476AF-1208-45FF-A157-390945E4D12C}.Debug|Any CPU.ActiveCfg = Debug|Any CPU
		{83A476AF-1208-45FF-A157-390945E4D12C}.Debug|Any CPU.Build.0 = Debug|Any CPU
		{83A476AF-1208-45FF-A157-390945E4D12C}.Release|Any CPU.ActiveCfg = Release|Any CPU
		{83A476AF-1208-45FF-A157-390945E4D12C}.Release|Any CPU.Build.0 = Release|Any CPU
	EndGlobalSection
	GlobalSection(SolutionProperties) = preSolution
		HideSolutionNode = FALSE
	EndGlobalSection
	GlobalSection(ExtensibilityGlobals) = postSolution
		SolutionGuid = {BE478FF1-0046-4D1C-B570-45370EE46D9B}
	EndGlobalSection
EndGlobal
